
Microsoft Visual Studio Solution File, Format Version 12.00
# Visual Studio 15
VisualStudioVersion = 15.0.28307.136
MinimumVisualStudioVersion = 10.0.40219.1
Project("{FAE04EC0-301F-11D3-BF4B-00C04F79EFBC}") = "Pastebin Brute", "Pastebin Brute\Pastebin Brute.csproj", "{EEAE95FE-9679-4B52-8AA9-6BF0209BC801}"
EndProject
Global
	GlobalSection(SolutionConfigurationPlatforms) = preSolution
		Debug|Any CPU = Debug|Any CPU
		Release|Any CPU = Release|Any CPU
	EndGlobalSection
	GlobalSection(ProjectConfigurationPlatforms) = postSolution
		{EEAE95FE-9679-4B52-8AA9-6BF0209BC801}.Debug|Any CPU.ActiveCfg = Debug|Any CPU
		{EEAE95FE-9679-4B52-8AA9-6BF0209BC801}.Debug|Any CPU.Build.0 = Debug|Any CPU
		{EEAE95FE-9679-4B52-8AA9-6BF0209BC801}.Release|Any CPU.ActiveCfg = Release|Any CPU
		{EEAE95FE-9679-4B52-8AA9-6BF0209BC801}.Release|Any CPU.Build.0 = Release|Any CPU
	EndGlobalSection
	GlobalSection(SolutionProperties) = preSolution
		HideSolutionNode = FALSE
	EndGlobalSection
	GlobalSection(ExtensibilityGlobals) = postSolution
		SolutionGuid = {1FB98F3C-97D9-4443-A25B-256568F9A5F5}
	EndGlobalSection
EndGlobal
